
Microsoft Visual Studio Solution File, Format Version 12.00
# Visual Studio Version 17
VisualStudioVersion = 17.11.35303.130
MinimumVisualStudioVersion = 10.0.40219.1
Project("{FAE04EC0-301F-11D3-BF4B-00C04F79EFBC}") = "1.1", "1.1\1.1.csproj", "{A5802E17-2888-43DE-8D73-61D71E8E9204}"
EndProject
Global
	GlobalSection(SolutionConfigurationPlatforms) = preSolution
		Debug|Any CPU = Debug|Any CPU
		Release|Any CPU = Release|Any CPU
	EndGlobalSection
	GlobalSection(ProjectConfigurationPlatforms) = postSolution
		{A5802E17-2888-43DE-8D73-61D71E8E9204}.Debug|Any CPU.ActiveCfg = Debug|Any CPU
		{A5802E17-2888-43DE-8D73-61D71E8E9204}.Debug|Any CPU.Build.0 = Debug|Any CPU
		{A5802E17-2888-43DE-8D73-61D71E8E9204}.Release|Any CPU.ActiveCfg = Release|Any CPU
		{A5802E17-2888-43DE-8D73-61D71E8E9204}.Release|Any CPU.Build.0 = Release|Any CPU
	EndGlobalSection
	GlobalSection(SolutionProperties) = preSolution
		HideSolutionNode = FALSE
	EndGlobalSection
	GlobalSection(ExtensibilityGlobals) = postSolution
		SolutionGuid = {7809448B-9398-41D0-8E8E-5F43774A8DDA}
	EndGlobalSection
EndGlobal
